
Microsoft Visual Studio Solution File, Format Version 12.00
# Visual Studio Version 17
VisualStudioVersion = 17.3.32901.215
MinimumVisualStudioVersion = 10.0.40219.1
Project("{FAE04EC0-301F-11D3-BF4B-00C04F79EFBC}") = "Hahn.Customer.Api", "Hahn.Customer.Api\Hahn.Customer.Api.csproj", "{B89D43AA-868A-4829-9CA8-3F44A2AF328F}"
EndProject
Global
	GlobalSection(SolutionConfigurationPlatforms) = preSolution
		Debug|Any CPU = Debug|Any CPU
		Release|Any CPU = Release|Any CPU
	EndGlobalSection
	GlobalSection(ProjectConfigurationPlatforms) = postSolution
		{B89D43AA-868A-4829-9CA8-3F44A2AF328F}.Debug|Any CPU.ActiveCfg = Debug|Any CPU
		{B89D43AA-868A-4829-9CA8-3F44A2AF328F}.Debug|Any CPU.Build.0 = Debug|Any CPU
		{B89D43AA-868A-4829-9CA8-3F44A2AF328F}.Release|Any CPU.ActiveCfg = Release|Any CPU
		{B89D43AA-868A-4829-9CA8-3F44A2AF328F}.Release|Any CPU.Build.0 = Release|Any CPU
	EndGlobalSection
	GlobalSection(SolutionProperties) = preSolution
		HideSolutionNode = FALSE
	EndGlobalSection
	GlobalSection(ExtensibilityGlobals) = postSolution
		SolutionGuid = {D6132BFD-D10F-451B-B1B7-0B2DD7E25D4C}
	EndGlobalSection
EndGlobal
